
Microsoft Visual Studio Solution File, Format Version 12.00
# Visual Studio Version 17
VisualStudioVersion = 17.13.35806.99 d17.13
MinimumVisualStudioVersion = 10.0.40219.1
Project("{FAE04EC0-301F-11D3-BF4B-00C04F79EFBC}") = "Auto_Technical_Center", "Auto_Technical_Center.csproj", "{DCFB703B-FF02-47A1-80A8-507CC4C7DF5C}"
EndProject
Global
	GlobalSection(SolutionConfigurationPlatforms) = preSolution
		Debug|Any CPU = Debug|Any CPU
		Release|Any CPU = Release|Any CPU
	EndGlobalSection
	GlobalSection(ProjectConfigurationPlatforms) = postSolution
		{DCFB703B-FF02-47A1-80A8-507CC4C7DF5C}.Debug|Any CPU.ActiveCfg = Debug|Any CPU
		{DCFB703B-FF02-47A1-80A8-507CC4C7DF5C}.Debug|Any CPU.Build.0 = Debug|Any CPU
		{DCFB703B-FF02-47A1-80A8-507CC4C7DF5C}.Release|Any CPU.ActiveCfg = Release|Any CPU
		{DCFB703B-FF02-47A1-80A8-507CC4C7DF5C}.Release|Any CPU.Build.0 = Release|Any CPU
	EndGlobalSection
	GlobalSection(SolutionProperties) = preSolution
		HideSolutionNode = FALSE
	EndGlobalSection
	GlobalSection(ExtensibilityGlobals) = postSolution
		SolutionGuid = {A0E307F0-A214-4B1A-B2A7-B1BC31781A05}
	EndGlobalSection
EndGlobal
